// !$*UTF8*$!
{
	archiveVersion = 1;
	classes = {
	};
	objectVersion = 50;
	objects = {

/* Begin PBXBuildFile section */
		09EC78FD235003DB00F7F989 /* Extensions+UIView.swift in Sources */ = {isa = PBXBuildFile; fileRef = 09EC78FC235003DB00F7F989 /* Extensions+UIView.swift */; };
		09EC790023500A4D00F7F989 /* HomeButtonTopControlStackView.swift in Sources */ = {isa = PBXBuildFile; fileRef = 09EC78FF23500A4D00F7F989 /* HomeButtonTopControlStackView.swift */; };
		09EC7902235010C800F7F989 /* HomeBottomControlStackView.swift in Sources */ = {isa = PBXBuildFile; fileRef = 09EC7901235010C800F7F989 /* HomeBottomControlStackView.swift */; };
		09EC79042350174700F7F989 /* CardView.swift in Sources */ = {isa = PBXBuildFile; fileRef = 09EC79032350174700F7F989 /* CardView.swift */; };
		09EC7907235058D100F7F989 /* AppUser.swift in Sources */ = {isa = PBXBuildFile; fileRef = 09EC7906235058D100F7F989 /* AppUser.swift */; };
		09EC790A235103D500F7F989 /* CardViewModel.swift in Sources */ = {isa = PBXBuildFile; fileRef = 09EC7909235103D500F7F989 /* CardViewModel.swift */; };
		09EC790C23511A9C00F7F989 /* Advertiser.swift in Sources */ = {isa = PBXBuildFile; fileRef = 09EC790B23511A9C00F7F989 /* Advertiser.swift */; };
		09F95610234FF43E0052079B /* AppDelegate.swift in Sources */ = {isa = PBXBuildFile; fileRef = 09F9560F234FF43E0052079B /* AppDelegate.swift */; };
		09F95612234FF43E0052079B /* SceneDelegate.swift in Sources */ = {isa = PBXBuildFile; fileRef = 09F95611234FF43E0052079B /* SceneDelegate.swift */; };
		09F95614234FF43E0052079B /* HomeController.swift in Sources */ = {isa = PBXBuildFile; fileRef = 09F95613234FF43E0052079B /* HomeController.swift */; };
		09F95617234FF43E0052079B /* Main.storyboard in Resources */ = {isa = PBXBuildFile; fileRef = 09F95615234FF43E0052079B /* Main.storyboard */; };
		09F95619234FF4450052079B /* Assets.xcassets in Resources */ = {isa = PBXBuildFile; fileRef = 09F95618234FF4450052079B /* Assets.xcassets */; };
		09F9561C234FF4450052079B /* LaunchScreen.storyboard in Resources */ = {isa = PBXBuildFile; fileRef = 09F9561A234FF4450052079B /* LaunchScreen.storyboard */; };
		09F95627234FF4450052079B /* StackViewAppTests.swift in Sources */ = {isa = PBXBuildFile; fileRef = 09F95626234FF4450052079B /* StackViewAppTests.swift */; };
		09F95632234FF4460052079B /* StackViewAppUITests.swift in Sources */ = {isa = PBXBuildFile; fileRef = 09F95631234FF4460052079B /* StackViewAppUITests.swift */; };
/* End PBXBuildFile section */

/* Begin PBXContainerItemProxy section */
		09F95623234FF4450052079B /* PBXContainerItemProxy */ = {
			isa = PBXContainerItemProxy;
			containerPortal = 09F95604234FF43E0052079B /* Project object */;
			proxyType = 1;
			remoteGlobalIDString = 09F9560B234FF43E0052079B;
			remoteInfo = StackViewApp;
		};
		09F9562E234FF4460052079B /* PBXContainerItemProxy */ = {
			isa = PBXContainerItemProxy;
			containerPortal = 09F95604234FF43E0052079B /* Project object */;
			proxyType = 1;
			remoteGlobalIDString = 09F9560B234FF43E0052079B;
			remoteInfo = StackViewApp;
		};
/* End PBXContainerItemProxy section */

/* Begin PBXFileReference section */
		09EC78FC235003DB00F7F989 /* Extensions+UIView.swift */ = {isa = PBXFileReference; fileEncoding = 4; lastKnownFileType = sourcecode.swift; path = "Extensions+UIView.swift"; sourceTree = "<group>"; };
		09EC78FF23500A4D00F7F989 /* HomeButtonTopControlStackView.swift */ = {isa = PBXFileReference; lastKnownFileType = sourcecode.swift; path = HomeButtonTopControlStackView.swift; sourceTree = "<group>"; };
		09EC7901235010C800F7F989 /* HomeBottomControlStackView.swift */ = {isa = PBXFileReference; lastKnownFileType = sourcecode.swift; path = HomeBottomControlStackView.swift; sourceTree = "<group>"; };
		09EC79032350174700F7F989 /* CardView.swift */ = {isa = PBXFileReference; lastKnownFileType = sourcecode.swift; path = CardView.swift; sourceTree = "<group>"; };
		09EC7906235058D100F7F989 /* AppUser.swift */ = {isa = PBXFileReference; lastKnownFileType = sourcecode.swift; path = AppUser.swift; sourceTree = "<group>"; };
		09EC7909235103D500F7F989 /* CardViewModel.swift */ = {isa = PBXFileReference; lastKnownFileType = sourcecode.swift; path = CardViewModel.swift; sourceTree = "<group>"; };
		09EC790B23511A9C00F7F989 /* Advertiser.swift */ = {isa = PBXFileReference; lastKnownFileType = sourcecode.swift; path = Advertiser.swift; sourceTree = "<group>"; };
		09F9560C234FF43E0052079B /* StackViewApp.app */ = {isa = PBXFileReference; explicitFileType = wrapper.application; includeInIndex = 0; path = StackViewApp.app; sourceTree = BUILT_PRODUCTS_DIR; };
		09F9560F234FF43E0052079B /* AppDelegate.swift */ = {isa = PBXFileReference; lastKnownFileType = sourcecode.swift; path = AppDelegate.swift; sourceTree = "<group>"; };
		09F95611234FF43E0052079B /* SceneDelegate.swift */ = {isa = PBXFileReference; lastKnownFileType = sourcecode.swift; path = SceneDelegate.swift; sourceTree = "<group>"; };
		09F95613234FF43E0052079B /* HomeController.swift */ = {isa = PBXFileReference; lastKnownFileType = sourcecode.swift; path = HomeController.swift; sourceTree = "<group>"; };
		09F95616234FF43E0052079B /* Base */ = {isa = PBXFileReference; lastKnownFileType = file.storyboard; name = Base; path = Base.lproj/Main.storyboard; sourceTree = "<group>"; };
		09F95618234FF4450052079B /* Assets.xcassets */ = {isa = PBXFileReference; lastKnownFileType = folder.assetcatalog; path = Assets.xcassets; sourceTree = "<group>"; };
		09F9561B234FF4450052079B /* Base */ = {isa = PBXFileReference; lastKnownFileType = file.storyboard; name = Base; path = Base.lproj/LaunchScreen.storyboard; sourceTree = "<group>"; };
		09F9561D234FF4450052079B /* Info.plist */ = {isa = PBXFileReference; lastKnownFileType = text.plist.xml; path = Info.plist; sourceTree = "<group>"; };
		09F95622234FF4450052079B /* StackViewAppTests.xctest */ = {isa = PBXFileReference; explicitFileType = wrapper.cfbundle; includeInIndex = 0; path = StackViewAppTests.xctest; sourceTree = BUILT_PRODUCTS_DIR; };
		09F95626234FF4450052079B /* StackViewAppTests.swift */ = {isa = PBXFileReference; lastKnownFileType = sourcecode.swift; path = StackViewAppTests.swift; sourceTree = "<group>"; };
		09F95628234FF4450052079B /* Info.plist */ = {isa = PBXFileReference; lastKnownFileType = text.plist.xml; path = Info.plist; sourceTree = "<group>"; };
		09F9562D234FF4460052079B /* StackViewAppUITests.xctest */ = {isa = PBXFileReference; explicitFileType = wrapper.cfbundle; includeInIndex = 0; path = StackViewAppUITests.xctest; sourceTree = BUILT_PRODUCTS_DIR; };
		09F95631234FF4460052079B /* StackViewAppUITests.swift */ = {isa = PBXFileReference; lastKnownFileType = sourcecode.swift; path = StackViewAppUITests.swift; sourceTree = "<group>"; };
		09F95633234FF4460052079B /* Info.plist */ = {isa = PBXFileReference; lastKnownFileType = text.plist.xml; path = Info.plist; sourceTree = "<group>"; };
/* End PBXFileReference section */

/* Begin PBXFrameworksBuildPhase section */
		09F95609234FF43E0052079B /* Frameworks */ = {
			isa = PBXFrameworksBuildPhase;
			buildActionMask = 2147483647;
			files = (
			);
			runOnlyForDeploymentPostprocessing = 0;
		};
		09F9561F234FF4450052079B /* Frameworks */ = {
			isa = PBXFrameworksBuildPhase;
			buildActionMask = 2147483647;
			files = (
			);
			runOnlyForDeploymentPostprocessing = 0;
		};
		09F9562A234FF4460052079B /* Frameworks */ = {
			isa = PBXFrameworksBuildPhase;
			buildActionMask = 2147483647;
			files = (
			);
			runOnlyForDeploymentPostprocessing = 0;
		};
/* End PBXFrameworksBuildPhase section */

/* Begin PBXGroup section */
		09EC78FB235003A700F7F989 /* Extensions */ = {
			isa = PBXGroup;
			children = (
				09EC78FC235003DB00F7F989 /* Extensions+UIView.swift */,
			);
			path = Extensions;
			sourceTree = "<group>";
		};
		09EC78FE23500A1500F7F989 /* Views */ = {
			isa = PBXGroup;
			children = (
				09EC78FF23500A4D00F7F989 /* HomeButtonTopControlStackView.swift */,
				09EC7901235010C800F7F989 /* HomeBottomControlStackView.swift */,
				09EC79032350174700F7F989 /* CardView.swift */,
			);
			path = Views;
			sourceTree = "<group>";
		};
		09EC79052350589E00F7F989 /* Models */ = {
			isa = PBXGroup;
			children = (
				09EC7906235058D100F7F989 /* AppUser.swift */,
				09EC790B23511A9C00F7F989 /* Advertiser.swift */,
			);
			path = Models;
			sourceTree = "<group>";
		};
		09EC7908235103BE00F7F989 /* View Models */ = {
			isa = PBXGroup;
			children = (
				09EC7909235103D500F7F989 /* CardViewModel.swift */,
			);
			path = "View Models";
			sourceTree = "<group>";
		};
		09F95603234FF43E0052079B = {
			isa = PBXGroup;
			children = (
				09F9560E234FF43E0052079B /* StackViewApp */,
				09F95625234FF4450052079B /* StackViewAppTests */,
				09F95630234FF4460052079B /* StackViewAppUITests */,
				09F9560D234FF43E0052079B /* Products */,
			);
			sourceTree = "<group>";
		};
		09F9560D234FF43E0052079B /* Products */ = {
			isa = PBXGroup;
			children = (
				09F9560C234FF43E0052079B /* StackViewApp.app */,
				09F95622234FF4450052079B /* StackViewAppTests.xctest */,
				09F9562D234FF4460052079B /* StackViewAppUITests.xctest */,
			);
			name = Products;
			sourceTree = "<group>";
		};
		09F9560E234FF43E0052079B /* StackViewApp */ = {
			isa = PBXGroup;
			children = (
				09EC7908235103BE00F7F989 /* View Models */,
				09EC79052350589E00F7F989 /* Models */,
				09EC78FE23500A1500F7F989 /* Views */,
				09EC78FB235003A700F7F989 /* Extensions */,
				09F95642234FF6200052079B /* StoryBoards */,
				09F95641234FF5FE0052079B /* Supporting files */,
				09F95640234FF5F60052079B /* Helpers */,
				09F9563F234FF5E60052079B /* Controllers */,
				09F9561D234FF4450052079B /* Info.plist */,
			);
			path = StackViewApp;
			sourceTree = "<group>";
		};
		09F95625234FF4450052079B /* StackViewAppTests */ = {
			isa = PBXGroup;
			children = (
				09F95626234FF4450052079B /* StackViewAppTests.swift */,
				09F95628234FF4450052079B /* Info.plist */,
			);
			path = StackViewAppTests;
			sourceTree = "<group>";
		};
		09F95630234FF4460052079B /* StackViewAppUITests */ = {
			isa = PBXGroup;
			children = (
				09F95631234FF4460052079B /* StackViewAppUITests.swift */,
				09F95633234FF4460052079B /* Info.plist */,
			);
			path = StackViewAppUITests;
			sourceTree = "<group>";
		};
		09F9563F234FF5E60052079B /* Controllers */ = {
			isa = PBXGroup;
			children = (
				09F95613234FF43E0052079B /* HomeController.swift */,
			);
			path = Controllers;
			sourceTree = "<group>";
		};
		09F95640234FF5F60052079B /* Helpers */ = {
			isa = PBXGroup;
			children = (
			);
			path = Helpers;
			sourceTree = "<group>";
		};
		09F95641234FF5FE0052079B /* Supporting files */ = {
			isa = PBXGroup;
			children = (
				09F9560F234FF43E0052079B /* AppDelegate.swift */,
				09F95611234FF43E0052079B /* SceneDelegate.swift */,
				09F95618234FF4450052079B /* Assets.xcassets */,
			);
			path = "Supporting files";
			sourceTree = "<group>";
		};
		09F95642234FF6200052079B /* StoryBoards */ = {
			isa = PBXGroup;
			children = (
				09F95615234FF43E0052079B /* Main.storyboard */,
				09F9561A234FF4450052079B /* LaunchScreen.storyboard */,
			);
			path = StoryBoards;
			sourceTree = "<group>";
		};
/* End PBXGroup section */

/* Begin PBXNativeTarget section */
		09F9560B234FF43E0052079B /* StackViewApp */ = {
			isa = PBXNativeTarget;
			buildConfigurationList = 09F95636234FF4460052079B /* Build configuration list for PBXNativeTarget "StackViewApp" */;
			buildPhases = (
				09F95608234FF43E0052079B /* Sources */,
				09F95609234FF43E0052079B /* Frameworks */,
				09F9560A234FF43E0052079B /* Resources */,
			);
			buildRules = (
			);
			dependencies = (
			);
			name = StackViewApp;
			productName = StackViewApp;
			productReference = 09F9560C234FF43E0052079B /* StackViewApp.app */;
			productType = "com.apple.product-type.application";
		};
		09F95621234FF4450052079B /* StackViewAppTests */ = {
			isa = PBXNativeTarget;
			buildConfigurationList = 09F95639234FF4460052079B /* Build configuration list for PBXNativeTarget "StackViewAppTests" */;
			buildPhases = (
				09F9561E234FF4450052079B /* Sources */,
				09F9561F234FF4450052079B /* Frameworks */,
				09F95620234FF4450052079B /* Resources */,
			);
			buildRules = (
			);
			dependencies = (
				09F95624234FF4450052079B /* PBXTargetDependency */,
			);
			name = StackViewAppTests;
			productName = StackViewAppTests;
			productReference = 09F95622234FF4450052079B /* StackViewAppTests.xctest */;
			productType = "com.apple.product-type.bundle.unit-test";
		};
		09F9562C234FF4460052079B /* StackViewAppUITests */ = {
			isa = PBXNativeTarget;
			buildConfigurationList = 09F9563C234FF4460052079B /* Build configuration list for PBXNativeTarget "StackViewAppUITests" */;
			buildPhases = (
				09F95629234FF4460052079B /* Sources */,
				09F9562A234FF4460052079B /* Frameworks */,
				09F9562B234FF4460052079B /* Resources */,
			);
			buildRules = (
			);
			dependencies = (
				09F9562F234FF4460052079B /* PBXTargetDependency */,
			);
			name = StackViewAppUITests;
			productName = StackViewAppUITests;
			productReference = 09F9562D234FF4460052079B /* StackViewAppUITests.xctest */;
			productType = "com.apple.product-type.bundle.ui-testing";
		};
/* End PBXNativeTarget section */

/* Begin PBXProject section */
		09F95604234FF43E0052079B /* Project object */ = {
			isa = PBXProject;
			attributes = {
				LastSwiftUpdateCheck = 1110;
				LastUpgradeCheck = 1110;
				ORGANIZATIONNAME = "Oniel Rosario";
				TargetAttributes = {
					09F9560B234FF43E0052079B = {
						CreatedOnToolsVersion = 11.1;
					};
					09F95621234FF4450052079B = {
						CreatedOnToolsVersion = 11.1;
						TestTargetID = 09F9560B234FF43E0052079B;
					};
					09F9562C234FF4460052079B = {
						CreatedOnToolsVersion = 11.1;
						TestTargetID = 09F9560B234FF43E0052079B;
					};
				};
			};
			buildConfigurationList = 09F95607234FF43E0052079B /* Build configuration list for PBXProject "StackViewApp" */;
			compatibilityVersion = "Xcode 9.3";
			developmentRegion = en;
			hasScannedForEncodings = 0;
			knownRegions = (
				en,
				Base,
			);
			mainGroup = 09F95603234FF43E0052079B;
			productRefGroup = 09F9560D234FF43E0052079B /* Products */;
			projectDirPath = "";
			projectRoot = "";
			targets = (
				09F9560B234FF43E0052079B /* StackViewApp */,
				09F95621234FF4450052079B /* StackViewAppTests */,
				09F9562C234FF4460052079B /* StackViewAppUITests */,
			);
		};
/* End PBXProject section */

/* Begin PBXResourcesBuildPhase section */
		09F9560A234FF43E0052079B /* Resources */ = {
			isa = PBXResourcesBuildPhase;
			buildActionMask = 2147483647;
			files = (
				09F9561C234FF4450052079B /* LaunchScreen.storyboard in Resources */,
				09F95619234FF4450052079B /* Assets.xcassets in Resources */,
				09F95617234FF43E0052079B /* Main.storyboard in Resources */,
			);
			runOnlyForDeploymentPostprocessing = 0;
		};
		09F95620234FF4450052079B /* Resources */ = {
			isa = PBXResourcesBuildPhase;
			buildActionMask = 2147483647;
			files = (
			);
			runOnlyForDeploymentPostprocessing = 0;
		};
		09F9562B234FF4460052079B /* Resources */ = {
			isa = PBXResourcesBuildPhase;
			buildActionMask = 2147483647;
			files = (
			);
			runOnlyForDeploymentPostprocessing = 0;
		};
/* End PBXResourcesBuildPhase section */

/* Begin PBXSourcesBuildPhase section */
		09F95608234FF43E0052079B /* Sources */ = {
			isa = PBXSourcesBuildPhase;
			buildActionMask = 2147483647;
			files = (
				09EC790C23511A9C00F7F989 /* Advertiser.swift in Sources */,
				09EC7907235058D100F7F989 /* AppUser.swift in Sources */,
				09EC79042350174700F7F989 /* CardView.swift in Sources */,
				09F95614234FF43E0052079B /* HomeController.swift in Sources */,
				09F95610234FF43E0052079B /* AppDelegate.swift in Sources */,
				09EC790023500A4D00F7F989 /* HomeButtonTopControlStackView.swift in Sources */,
				09EC78FD235003DB00F7F989 /* Extensions+UIView.swift in Sources */,
				09EC7902235010C800F7F989 /* HomeBottomControlStackView.swift in Sources */,
				09F95612234FF43E0052079B /* SceneDelegate.swift in Sources */,
				09EC790A235103D500F7F989 /* CardViewModel.swift in Sources */,
			);
			runOnlyForDeploymentPostprocessing = 0;
		};
		09F9561E234FF4450052079B /* Sources */ = {
			isa = PBXSourcesBuildPhase;
			buildActionMask = 2147483647;
			files = (
				09F95627234FF4450052079B /* StackViewAppTests.swift in Sources */,
			);
			runOnlyForDeploymentPostprocessing = 0;
		};
		09F95629234FF4460052079B /* Sources */ = {
			isa = PBXSourcesBuildPhase;
			buildActionMask = 2147483647;
			files = (
				09F95632234FF4460052079B /* StackViewAppUITests.swift in Sources */,
			);
			runOnlyForDeploymentPostprocessing = 0;
		};
/* End PBXSourcesBuildPhase section */

/* Begin PBXTargetDependency section */
		09F95624234FF4450052079B /* PBXTargetDependency */ = {
			isa = PBXTargetDependency;
			target = 09F9560B234FF43E0052079B /* StackViewApp */;
			targetProxy = 09F95623234FF4450052079B /* PBXContainerItemProxy */;
		};
		09F9562F234FF4460052079B /* PBXTargetDependency */ = {
			isa = PBXTargetDependency;
			target = 09F9560B234FF43E0052079B /* StackViewApp */;
			targetProxy = 09F9562E234FF4460052079B /* PBXContainerItemProxy */;
		};
/* End PBXTargetDependency section */

/* Begin PBXVariantGroup section */
		09F95615234FF43E0052079B /* Main.storyboard */ = {
			isa = PBXVariantGroup;
			children = (
				09F95616234FF43E0052079B /* Base */,
			);
			name = Main.storyboard;
			sourceTree = "<group>";
		};
		09F9561A234FF4450052079B /* LaunchScreen.storyboard */ = {
			isa = PBXVariantGroup;
			children = (
				09F9561B234FF4450052079B /* Base */,
			);
			name = LaunchScreen.storyboard;
			sourceTree = "<group>";
		};
/* End PBXVariantGroup section */

/* Begin XCBuildConfiguration section */
		09F95634234FF4460052079B /* Debug */ = {
			isa = XCBuildConfiguration;
			buildSettings = {
				ALWAYS_SEARCH_USER_PATHS = NO;
				CLANG_ANALYZER_NONNULL = YES;
				CLANG_ANALYZER_NUMBER_OBJECT_CONVERSION = YES_AGGRESSIVE;
				CLANG_CXX_LANGUAGE_STANDARD = "gnu++14";
				CLANG_CXX_LIBRARY = "libc++";
				CLANG_ENABLE_MODULES = YES;
				CLANG_ENABLE_OBJC_ARC = YES;
				CLANG_ENABLE_OBJC_WEAK = YES;
				CLANG_WARN_BLOCK_CAPTURE_AUTORELEASING = YES;
				CLANG_WARN_BOOL_CONVERSION = YES;
				CLANG_WARN_COMMA = YES;
				CLANG_WARN_CONSTANT_CONVERSION = YES;
				CLANG_WARN_DEPRECATED_OBJC_IMPLEMENTATIONS = YES;
				CLANG_WARN_DIRECT_OBJC_ISA_USAGE = YES_ERROR;
				CLANG_WARN_DOCUMENTATION_COMMENTS = YES;
				CLANG_WARN_EMPTY_BODY = YES;
				CLANG_WARN_ENUM_CONVERSION = YES;
				CLANG_WARN_INFINITE_RECURSION = YES;
				CLANG_WARN_INT_CONVERSION = YES;
				CLANG_WARN_NON_LITERAL_NULL_CONVERSION = YES;
				CLANG_WARN_OBJC_IMPLICIT_RETAIN_SELF = YES;
				CLANG_WARN_OBJC_LITERAL_CONVERSION = YES;
				CLANG_WARN_OBJC_ROOT_CLASS = YES_ERROR;
				CLANG_WARN_RANGE_LOOP_ANALYSIS = YES;
				CLANG_WARN_STRICT_PROTOTYPES = YES;
				CLANG_WARN_SUSPICIOUS_MOVE = YES;
				CLANG_WARN_UNGUARDED_AVAILABILITY = YES_AGGRESSIVE;
				CLANG_WARN_UNREACHABLE_CODE = YES;
				CLANG_WARN__DUPLICATE_METHOD_MATCH = YES;
				COPY_PHASE_STRIP = NO;
				DEBUG_INFORMATION_FORMAT = dwarf;
				ENABLE_STRICT_OBJC_MSGSEND = YES;
				ENABLE_TESTABILITY = YES;
				GCC_C_LANGUAGE_STANDARD = gnu11;
				GCC_DYNAMIC_NO_PIC = NO;
				GCC_NO_COMMON_BLOCKS = YES;
				GCC_OPTIMIZATION_LEVEL = 0;
				GCC_PREPROCESSOR_DEFINITIONS = (
					"DEBUG=1",
					"$(inherited)",
				);
				GCC_WARN_64_TO_32_BIT_CONVERSION = YES;
				GCC_WARN_ABOUT_RETURN_TYPE = YES_ERROR;
				GCC_WARN_UNDECLARED_SELECTOR = YES;
				GCC_WARN_UNINITIALIZED_AUTOS = YES_AGGRESSIVE;
				GCC_WARN_UNUSED_FUNCTION = YES;
				GCC_WARN_UNUSED_VARIABLE = YES;
				IPHONEOS_DEPLOYMENT_TARGET = 13.1;
				MTL_ENABLE_DEBUG_INFO = INCLUDE_SOURCE;
				MTL_FAST_MATH = YES;
				ONLY_ACTIVE_ARCH = YES;
				SDKROOT = iphoneos;
				SWIFT_ACTIVE_COMPILATION_CONDITIONS = DEBUG;
				SWIFT_OPTIMIZATION_LEVEL = "-Onone";
			};
			name = Debug;
		};
		09F95635234FF4460052079B /* Release */ = {
			isa = XCBuildConfiguration;
			buildSettings = {
				ALWAYS_SEARCH_USER_PATHS = NO;
				CLANG_ANALYZER_NONNULL = YES;
				CLANG_ANALYZER_NUMBER_OBJECT_CONVERSION = YES_AGGRESSIVE;
				CLANG_CXX_LANGUAGE_STANDARD = "gnu++14";
				CLANG_CXX_LIBRARY = "libc++";
				CLANG_ENABLE_MODULES = YES;
				CLANG_ENABLE_OBJC_ARC = YES;
				CLANG_ENABLE_OBJC_WEAK = YES;
				CLANG_WARN_BLOCK_CAPTURE_AUTORELEASING = YES;
				CLANG_WARN_BOOL_CONVERSION = YES;
				CLANG_WARN_COMMA = YES;
				CLANG_WARN_CONSTANT_CONVERSION = YES;
				CLANG_WARN_DEPRECATED_OBJC_IMPLEMENTATIONS = YES;
				CLANG_WARN_DIRECT_OBJC_ISA_USAGE = YES_ERROR;
				CLANG_WARN_DOCUMENTATION_COMMENTS = YES;
				CLANG_WARN_EMPTY_BODY = YES;
				CLANG_WARN_ENUM_CONVERSION = YES;
				CLANG_WARN_INFINITE_RECURSION = YES;
				CLANG_WARN_INT_CONVERSION = YES;
				CLANG_WARN_NON_LITERAL_NULL_CONVERSION = YES;
				CLANG_WARN_OBJC_IMPLICIT_RETAIN_SELF = YES;
				CLANG_WARN_OBJC_LITERAL_CONVERSION = YES;
				CLANG_WARN_OBJC_ROOT_CLASS = YES_ERROR;
				CLANG_WARN_RANGE_LOOP_ANALYSIS = YES;
				CLANG_WARN_STRICT_PROTOTYPES = YES;
				CLANG_WARN_SUSPICIOUS_MOVE = YES;
				CLANG_WARN_UNGUARDED_AVAILABILITY = YES_AGGRESSIVE;
				CLANG_WARN_UNREACHABLE_CODE = YES;
				CLANG_WARN__DUPLICATE_METHOD_MATCH = YES;
				COPY_PHASE_STRIP = NO;
				DEBUG_INFORMATION_FORMAT = "dwarf-with-dsym";
				ENABLE_NS_ASSERTIONS = NO;
				ENABLE_STRICT_OBJC_MSGSEND = YES;
				GCC_C_LANGUAGE_STANDARD = gnu11;
				GCC_NO_COMMON_BLOCKS = YES;
				GCC_WARN_64_TO_32_BIT_CONVERSION = YES;
				GCC_WARN_ABOUT_RETURN_TYPE = YES_ERROR;
				GCC_WARN_UNDECLARED_SELECTOR = YES;
				GCC_WARN_UNINITIALIZED_AUTOS = YES_AGGRESSIVE;
				GCC_WARN_UNUSED_FUNCTION = YES;
				GCC_WARN_UNUSED_VARIABLE = YES;
				IPHONEOS_DEPLOYMENT_TARGET = 13.1;
				MTL_ENABLE_DEBUG_INFO = NO;
				MTL_FAST_MATH = YES;
				SDKROOT = iphoneos;
				SWIFT_COMPILATION_MODE = wholemodule;
				SWIFT_OPTIMIZATION_LEVEL = "-O";
				VALIDATE_PRODUCT = YES;
			};
			name = Release;
		};
		09F95637234FF4460052079B /* Debug */ = {
			isa = XCBuildConfiguration;
			buildSettings = {
				ASSETCATALOG_COMPILER_APPICON_NAME = AppIcon;
				CODE_SIGN_STYLE = Automatic;
				DEVELOPMENT_TEAM = AVC7FB3M8N;
				INFOPLIST_FILE = StackViewApp/Info.plist;
				LD_RUNPATH_SEARCH_PATHS = (
					"$(inherited)",
					"@executable_path/Frameworks",
				);
				PRODUCT_BUNDLE_IDENTIFIER = oRose.StackViewApp;
				PRODUCT_NAME = "$(TARGET_NAME)";
				SWIFT_VERSION = 5.0;
				TARGETED_DEVICE_FAMILY = "1,2";
			};
			name = Debug;
		};
		09F95638234FF4460052079B /* Release */ = {
			isa = XCBuildConfiguration;
			buildSettings = {
				ASSETCATALOG_COMPILER_APPICON_NAME = AppIcon;
				CODE_SIGN_STYLE = Automatic;
				DEVELOPMENT_TEAM = AVC7FB3M8N;
				INFOPLIST_FILE = StackViewApp/Info.plist;
				LD_RUNPATH_SEARCH_PATHS = (
					"$(inherited)",
					"@executable_path/Frameworks",
				);
				PRODUCT_BUNDLE_IDENTIFIER = oRose.StackViewApp;
				PRODUCT_NAME = "$(TARGET_NAME)";
				SWIFT_VERSION = 5.0;
				TARGETED_DEVICE_FAMILY = "1,2";
			};
			name = Release;
		};
		09F9563A234FF4460052079B /* Debug */ = {
			isa = XCBuildConfiguration;
			buildSettings = {
				ALWAYS_EMBED_SWIFT_STANDARD_LIBRARIES = YES;
				BUNDLE_LOADER = "$(TEST_HOST)";
				CODE_SIGN_STYLE = Automatic;
				DEVELOPMENT_TEAM = AVC7FB3M8N;
				INFOPLIST_FILE = StackViewAppTests/Info.plist;
				IPHONEOS_DEPLOYMENT_TARGET = 13.1;
				LD_RUNPATH_SEARCH_PATHS = (
					"$(inherited)",
					"@executable_path/Frameworks",
					"@loader_path/Frameworks",
				);
				PRODUCT_BUNDLE_IDENTIFIER = oRose.StackViewAppTests;
				PRODUCT_NAME = "$(TARGET_NAME)";
				SWIFT_VERSION = 5.0;
				TARGETED_DEVICE_FAMILY = "1,2";
				TEST_HOST = "$(BUILT_PRODUCTS_DIR)/StackViewApp.app/StackViewApp";
			};
			name = Debug;
		};
		09F9563B234FF4460052079B /* Release */ = {
			isa = XCBuildConfiguration;
			buildSettings = {
				ALWAYS_EMBED_SWIFT_STANDARD_LIBRARIES = YES;
				BUNDLE_LOADER = "$(TEST_HOST)";
				CODE_SIGN_STYLE = Automatic;
				DEVELOPMENT_TEAM = AVC7FB3M8N;
				INFOPLIST_FILE = StackViewAppTests/Info.plist;
				IPHONEOS_DEPLOYMENT_TARGET = 13.1;
				LD_RUNPATH_SEARCH_PATHS = (
					"$(inherited)",
					"@executable_path/Frameworks",
					"@loader_path/Frameworks",
				);
				PRODUCT_BUNDLE_IDENTIFIER = oRose.StackViewAppTests;
				PRODUCT_NAME = "$(TARGET_NAME)";
				SWIFT_VERSION = 5.0;
				TARGETED_DEVICE_FAMILY = "1,2";
				TEST_HOST = "$(BUILT_PRODUCTS_DIR)/StackViewApp.app/StackViewApp";
			};
			name = Release;
		};
		09F9563D234FF4460052079B /* Debug */ = {
			isa = XCBuildConfiguration;
			buildSettings = {
				ALWAYS_EMBED_SWIFT_STANDARD_LIBRARIES = YES;
				CODE_SIGN_STYLE = Automatic;
				DEVELOPMENT_TEAM = AVC7FB3M8N;
				INFOPLIST_FILE = StackViewAppUITests/Info.plist;
				LD_RUNPATH_SEARCH_PATHS = (
					"$(inherited)",
					"@executable_path/Frameworks",
					"@loader_path/Frameworks",
				);
				PRODUCT_BUNDLE_IDENTIFIER = oRose.StackViewAppUITests;
				PRODUCT_NAME = "$(TARGET_NAME)";
				SWIFT_VERSION = 5.0;
				TARGETED_DEVICE_FAMILY = "1,2";
				TEST_TARGET_NAME = StackViewApp;
			};
			name = Debug;
		};
		09F9563E234FF4460052079B /* Release */ = {
			isa = XCBuildConfiguration;
			buildSettings = {
				ALWAYS_EMBED_SWIFT_STANDARD_LIBRARIES = YES;
				CODE_SIGN_STYLE = Automatic;
				DEVELOPMENT_TEAM = AVC7FB3M8N;
				INFOPLIST_FILE = StackViewAppUITests/Info.plist;
				LD_RUNPATH_SEARCH_PATHS = (
					"$(inherited)",
					"@executable_path/Frameworks",
					"@loader_path/Frameworks",
				);
				PRODUCT_BUNDLE_IDENTIFIER = oRose.StackViewAppUITests;
				PRODUCT_NAME = "$(TARGET_NAME)";
				SWIFT_VERSION = 5.0;
				TARGETED_DEVICE_FAMILY = "1,2";
				TEST_TARGET_NAME = StackViewApp;
			};
			name = Release;
		};
/* End XCBuildConfiguration section */

/* Begin XCConfigurationList section */
		09F95607234FF43E0052079B /* Build configuration list for PBXProject "StackViewApp" */ = {
			isa = XCConfigurationList;
			buildConfigurations = (
				09F95634234FF4460052079B /* Debug */,
				09F95635234FF4460052079B /* Release */,
			);
			defaultConfigurationIsVisible = 0;
			defaultConfigurationName = Release;
		};
		09F95636234FF4460052079B /* Build configuration list for PBXNativeTarget "StackViewApp" */ = {
			isa = XCConfigurationList;
			buildConfigurations = (
				09F95637234FF4460052079B /* Debug */,
				09F95638234FF4460052079B /* Release */,
			);
			defaultConfigurationIsVisible = 0;
			defaultConfigurationName = Release;
		};
		09F95639234FF4460052079B /* Build configuration list for PBXNativeTarget "StackViewAppTests" */ = {
			isa = XCConfigurationList;
			buildConfigurations = (
				09F9563A234FF4460052079B /* Debug */,
				09F9563B234FF4460052079B /* Release */,
			);
			defaultConfigurationIsVisible = 0;
			defaultConfigurationName = Release;
		};
		09F9563C234FF4460052079B /* Build configuration list for PBXNativeTarget "StackViewAppUITests" */ = {
			isa = XCConfigurationList;
			buildConfigurations = (
				09F9563D234FF4460052079B /* Debug */,
				09F9563E234FF4460052079B /* Release */,
			);
			defaultConfigurationIsVisible = 0;
			defaultConfigurationName = Release;
		};
/* End XCConfigurationList section */
	};
	rootObject = 09F95604234FF43E0052079B /* Project object */;
}
